
Microsoft Visual Studio Solution File, Format Version 12.00
# Visual Studio 14
VisualStudioVersion = 14.0.25420.1
MinimumVisualStudioVersion = 10.0.40219.1
Project("{FAE04EC0-301F-11D3-BF4B-00C04F79EFBC}") = "ZumoCommunity.IdentityAPI.SDK.MasterApiKey", "ZumoCommunity.IdentityAPI.SDK.MasterApiKey.csproj", "{1E4F1D62-B630-4316-AEC2-13AC7A2BD90B}"
EndProject
Project("{FAE04EC0-301F-11D3-BF4B-00C04F79EFBC}") = "ZumoCommunity.IdentityAPI.SDK.MasterApiKey.Tests", "..\ZumoCommunity.IdentityAPI.SDK.MasterApiKey.Tests\ZumoCommunity.IdentityAPI.SDK.MasterApiKey.Tests.csproj", "{185D2DC3-CDA1-4606-BCFF-0CA4871261A5}"
EndProject
Global
	GlobalSection(SolutionConfigurationPlatforms) = preSolution
		Debug|Any CPU = Debug|Any CPU
		Release|Any CPU = Release|Any CPU
	EndGlobalSection
	GlobalSection(ProjectConfigurationPlatforms) = postSolution
		{1E4F1D62-B630-4316-AEC2-13AC7A2BD90B}.Debug|Any CPU.ActiveCfg = Debug|Any CPU
		{1E4F1D62-B630-4316-AEC2-13AC7A2BD90B}.Debug|Any CPU.Build.0 = Debug|Any CPU
		{1E4F1D62-B630-4316-AEC2-13AC7A2BD90B}.Release|Any CPU.ActiveCfg = Release|Any CPU
		{1E4F1D62-B630-4316-AEC2-13AC7A2BD90B}.Release|Any CPU.Build.0 = Release|Any CPU
		{185D2DC3-CDA1-4606-BCFF-0CA4871261A5}.Debug|Any CPU.ActiveCfg = Debug|Any CPU
		{185D2DC3-CDA1-4606-BCFF-0CA4871261A5}.Debug|Any CPU.Build.0 = Debug|Any CPU
		{185D2DC3-CDA1-4606-BCFF-0CA4871261A5}.Release|Any CPU.ActiveCfg = Release|Any CPU
		{185D2DC3-CDA1-4606-BCFF-0CA4871261A5}.Release|Any CPU.Build.0 = Release|Any CPU
	EndGlobalSection
	GlobalSection(SolutionProperties) = preSolution
		HideSolutionNode = FALSE
	EndGlobalSection
EndGlobal
